
Microsoft Visual Studio Solution File, Format Version 12.00
# Visual Studio Version 16
VisualStudioVersion = 16.0.30621.155
MinimumVisualStudioVersion = 10.0.40219.1
Project("{FAE04EC0-301F-11D3-BF4B-00C04F79EFBC}") = "Contentate", "Contentate\Contentate.csproj", "{27458E1F-3926-4711-B9DD-12A27D29F297}"
EndProject
Global
	GlobalSection(SolutionConfigurationPlatforms) = preSolution
		Debug|Any CPU = Debug|Any CPU
		Release|Any CPU = Release|Any CPU
	EndGlobalSection
	GlobalSection(ProjectConfigurationPlatforms) = postSolution
		{27458E1F-3926-4711-B9DD-12A27D29F297}.Debug|Any CPU.ActiveCfg = Debug|Any CPU
		{27458E1F-3926-4711-B9DD-12A27D29F297}.Debug|Any CPU.Build.0 = Debug|Any CPU
		{27458E1F-3926-4711-B9DD-12A27D29F297}.Release|Any CPU.ActiveCfg = Release|Any CPU
		{27458E1F-3926-4711-B9DD-12A27D29F297}.Release|Any CPU.Build.0 = Release|Any CPU
	EndGlobalSection
	GlobalSection(SolutionProperties) = preSolution
		HideSolutionNode = FALSE
	EndGlobalSection
	GlobalSection(ExtensibilityGlobals) = postSolution
		SolutionGuid = {FA613D0B-F421-4B58-A850-B4019F2D879A}
	EndGlobalSection
EndGlobal
