
Microsoft Visual Studio Solution File, Format Version 12.00
# Visual Studio Version 16
VisualStudioVersion = 16.0.30621.155
MinimumVisualStudioVersion = 10.0.40219.1
Project("{FAE04EC0-301F-11D3-BF4B-00C04F79EFBC}") = "01TrainingLabEXAM", "TrainingLabEXAM\01TrainingLabEXAM.csproj", "{CD1A028D-6C5F-4162-8943-934DB242F326}"
EndProject
Project("{FAE04EC0-301F-11D3-BF4B-00C04F79EFBC}") = "02VegetableMarketEXAM", "VegetableMarketEXAM\02VegetableMarketEXAM.csproj", "{06681B76-BE7A-49B7-9D0E-1DB9B72D5BB6}"
EndProject
Project("{FAE04EC0-301F-11D3-BF4B-00C04F79EFBC}") = "03ChangeTilesEXAM", "03ChangeTilesEXAM\03ChangeTilesEXAM.csproj", "{0B23BF75-472B-4A77-818A-DC0D3CA3AB9F}"
EndProject
Project("{FAE04EC0-301F-11D3-BF4B-00C04F79EFBC}") = "04MoneyEXAM", "04MoneyEXAM\04MoneyEXAM.csproj", "{5E5FA032-3CE5-4AAE-AF60-9EF3E9AF67BC}"
EndProject
Project("{FAE04EC0-301F-11D3-BF4B-00C04F79EFBC}") = "05DailyEarningsEXAM", "05DailyEarningsEXAM\05DailyEarningsEXAM.csproj", "{01ECC4BC-43D2-4BB8-A8E0-8076D437E79F}"
EndProject
Global
	GlobalSection(SolutionConfigurationPlatforms) = preSolution
		Debug|Any CPU = Debug|Any CPU
		Release|Any CPU = Release|Any CPU
	EndGlobalSection
	GlobalSection(ProjectConfigurationPlatforms) = postSolution
		{CD1A028D-6C5F-4162-8943-934DB242F326}.Debug|Any CPU.ActiveCfg = Debug|Any CPU
		{CD1A028D-6C5F-4162-8943-934DB242F326}.Debug|Any CPU.Build.0 = Debug|Any CPU
		{CD1A028D-6C5F-4162-8943-934DB242F326}.Release|Any CPU.ActiveCfg = Release|Any CPU
		{CD1A028D-6C5F-4162-8943-934DB242F326}.Release|Any CPU.Build.0 = Release|Any CPU
		{06681B76-BE7A-49B7-9D0E-1DB9B72D5BB6}.Debug|Any CPU.ActiveCfg = Debug|Any CPU
		{06681B76-BE7A-49B7-9D0E-1DB9B72D5BB6}.Debug|Any CPU.Build.0 = Debug|Any CPU
		{06681B76-BE7A-49B7-9D0E-1DB9B72D5BB6}.Release|Any CPU.ActiveCfg = Release|Any CPU
		{06681B76-BE7A-49B7-9D0E-1DB9B72D5BB6}.Release|Any CPU.Build.0 = Release|Any CPU
		{0B23BF75-472B-4A77-818A-DC0D3CA3AB9F}.Debug|Any CPU.ActiveCfg = Debug|Any CPU
		{0B23BF75-472B-4A77-818A-DC0D3CA3AB9F}.Debug|Any CPU.Build.0 = Debug|Any CPU
		{0B23BF75-472B-4A77-818A-DC0D3CA3AB9F}.Release|Any CPU.ActiveCfg = Release|Any CPU
		{0B23BF75-472B-4A77-818A-DC0D3CA3AB9F}.Release|Any CPU.Build.0 = Release|Any CPU
		{5E5FA032-3CE5-4AAE-AF60-9EF3E9AF67BC}.Debug|Any CPU.ActiveCfg = Debug|Any CPU
		{5E5FA032-3CE5-4AAE-AF60-9EF3E9AF67BC}.Debug|Any CPU.Build.0 = Debug|Any CPU
		{5E5FA032-3CE5-4AAE-AF60-9EF3E9AF67BC}.Release|Any CPU.ActiveCfg = Release|Any CPU
		{5E5FA032-3CE5-4AAE-AF60-9EF3E9AF67BC}.Release|Any CPU.Build.0 = Release|Any CPU
		{01ECC4BC-43D2-4BB8-A8E0-8076D437E79F}.Debug|Any CPU.ActiveCfg = Debug|Any CPU
		{01ECC4BC-43D2-4BB8-A8E0-8076D437E79F}.Debug|Any CPU.Build.0 = Debug|Any CPU
		{01ECC4BC-43D2-4BB8-A8E0-8076D437E79F}.Release|Any CPU.ActiveCfg = Release|Any CPU
		{01ECC4BC-43D2-4BB8-A8E0-8076D437E79F}.Release|Any CPU.Build.0 = Release|Any CPU
	EndGlobalSection
	GlobalSection(SolutionProperties) = preSolution
		HideSolutionNode = FALSE
	EndGlobalSection
	GlobalSection(ExtensibilityGlobals) = postSolution
		SolutionGuid = {710F5446-8C94-4F68-8261-E6F62B098F65}
	EndGlobalSection
EndGlobal
