
Microsoft Visual Studio Solution File, Format Version 12.00
# Visual Studio Version 16
VisualStudioVersion = 16.0.30621.155
MinimumVisualStudioVersion = 10.0.40219.1
Project("{FAE04EC0-301F-11D3-BF4B-00C04F79EFBC}") = "YardGreening", "YardGreening\YardGreening.csproj", "{DFC62777-E71F-49A5-A0F6-B8555327CEA7}"
EndProject
Global
	GlobalSection(SolutionConfigurationPlatforms) = preSolution
		Debug|Any CPU = Debug|Any CPU
		Release|Any CPU = Release|Any CPU
	EndGlobalSection
	GlobalSection(ProjectConfigurationPlatforms) = postSolution
		{DFC62777-E71F-49A5-A0F6-B8555327CEA7}.Debug|Any CPU.ActiveCfg = Debug|Any CPU
		{DFC62777-E71F-49A5-A0F6-B8555327CEA7}.Debug|Any CPU.Build.0 = Debug|Any CPU
		{DFC62777-E71F-49A5-A0F6-B8555327CEA7}.Release|Any CPU.ActiveCfg = Release|Any CPU
		{DFC62777-E71F-49A5-A0F6-B8555327CEA7}.Release|Any CPU.Build.0 = Release|Any CPU
	EndGlobalSection
	GlobalSection(SolutionProperties) = preSolution
		HideSolutionNode = FALSE
	EndGlobalSection
	GlobalSection(ExtensibilityGlobals) = postSolution
		SolutionGuid = {3E57FE48-739E-4ADD-89D5-1C090BE1C635}
	EndGlobalSection
EndGlobal
