
Microsoft Visual Studio Solution File, Format Version 12.00
# Visual Studio Version 16
VisualStudioVersion = 16.0.30621.155
MinimumVisualStudioVersion = 10.0.40219.1
Project("{FAE04EC0-301F-11D3-BF4B-00C04F79EFBC}") = "EXAMfishTank", "EXAMfishTank\EXAMfishTank.csproj", "{BB8CA1E5-8F45-4C49-AB98-AABDB891269E}"
EndProject
Global
	GlobalSection(SolutionConfigurationPlatforms) = preSolution
		Debug|Any CPU = Debug|Any CPU
		Release|Any CPU = Release|Any CPU
	EndGlobalSection
	GlobalSection(ProjectConfigurationPlatforms) = postSolution
		{BB8CA1E5-8F45-4C49-AB98-AABDB891269E}.Debug|Any CPU.ActiveCfg = Debug|Any CPU
		{BB8CA1E5-8F45-4C49-AB98-AABDB891269E}.Debug|Any CPU.Build.0 = Debug|Any CPU
		{BB8CA1E5-8F45-4C49-AB98-AABDB891269E}.Release|Any CPU.ActiveCfg = Release|Any CPU
		{BB8CA1E5-8F45-4C49-AB98-AABDB891269E}.Release|Any CPU.Build.0 = Release|Any CPU
	EndGlobalSection
	GlobalSection(SolutionProperties) = preSolution
		HideSolutionNode = FALSE
	EndGlobalSection
	GlobalSection(ExtensibilityGlobals) = postSolution
		SolutionGuid = {CEBC08D5-EC9B-4FA7-891B-F780AFDD9D24}
	EndGlobalSection
EndGlobal
