
Microsoft Visual Studio Solution File, Format Version 12.00
# Visual Studio Version 16
VisualStudioVersion = 16.0.30621.155
MinimumVisualStudioVersion = 10.0.40219.1
Project("{FAE04EC0-301F-11D3-BF4B-00C04F79EFBC}") = "Concatenate Data", "Concatenate Data\Concatenate Data.csproj", "{2BE8D7B9-CA43-43CA-A09A-2B8C386458C9}"
EndProject
Global
	GlobalSection(SolutionConfigurationPlatforms) = preSolution
		Debug|Any CPU = Debug|Any CPU
		Release|Any CPU = Release|Any CPU
	EndGlobalSection
	GlobalSection(ProjectConfigurationPlatforms) = postSolution
		{2BE8D7B9-CA43-43CA-A09A-2B8C386458C9}.Debug|Any CPU.ActiveCfg = Debug|Any CPU
		{2BE8D7B9-CA43-43CA-A09A-2B8C386458C9}.Debug|Any CPU.Build.0 = Debug|Any CPU
		{2BE8D7B9-CA43-43CA-A09A-2B8C386458C9}.Release|Any CPU.ActiveCfg = Release|Any CPU
		{2BE8D7B9-CA43-43CA-A09A-2B8C386458C9}.Release|Any CPU.Build.0 = Release|Any CPU
	EndGlobalSection
	GlobalSection(SolutionProperties) = preSolution
		HideSolutionNode = FALSE
	EndGlobalSection
	GlobalSection(ExtensibilityGlobals) = postSolution
		SolutionGuid = {E6E42562-1DC7-470B-B544-ED30CA2DA39C}
	EndGlobalSection
EndGlobal
