
Microsoft Visual Studio Solution File, Format Version 12.00
# Visual Studio Version 16
VisualStudioVersion = 16.0.30804.86
MinimumVisualStudioVersion = 10.0.40219.1
Project("{9A19103F-16F7-4668-BE54-9A1E7A4F7556}") = "01aBasketballEquipment", "BasketballEquipment\01aBasketballEquipment.csproj", "{6A1FA6CC-6A52-47EE-A895-96428FD2ABB7}"
EndProject
Project("{9A19103F-16F7-4668-BE54-9A1E7A4F7556}") = "02aMovieDay", "02aMovieDay\02aMovieDay.csproj", "{E093B435-9153-410D-AC3E-731BCC04404E}"
EndProject
Project("{9A19103F-16F7-4668-BE54-9A1E7A4F7556}") = "03aEasterTrip", "03aEasterTrip\03aEasterTrip.csproj", "{DBED1B4F-9461-4370-BCEC-AE956A38F917}"
EndProject
Project("{9A19103F-16F7-4668-BE54-9A1E7A4F7556}") = "04aEasterEggs", "04aEasterEggs\04aEasterEggs.csproj", "{B4E19089-32B1-4DC0-B68D-EB70E8D9E254}"
EndProject
Project("{9A19103F-16F7-4668-BE54-9A1E7A4F7556}") = "04cDarts", "05aDarts\04cDarts.csproj", "{737DB54D-0327-4B7A-8FBB-2693101B3579}"
EndProject
Project("{9A19103F-16F7-4668-BE54-9A1E7A4F7556}") = "06aEasterDecoration", "06aEasterDecoration\06aEasterDecoration.csproj", "{E5DE5AAD-5E16-46C6-8D74-49B5CFC5F2EA}"
EndProject
Project("{9A19103F-16F7-4668-BE54-9A1E7A4F7556}") = "01bTennisEquipment", "01bTennisEquipment\01bTennisEquipment.csproj", "{67806574-B315-48C1-A270-8D2525A1C2B9}"
EndProject
Project("{9A19103F-16F7-4668-BE54-9A1E7A4F7556}") = "02bFootballResultsNOTREADY", "02bFootballResults\02bFootballResultsNOTREADY.csproj", "{DADC6261-B830-4A69-B437-D41321B19FA1}"
EndProject
Project("{9A19103F-16F7-4668-BE54-9A1E7A4F7556}") = "02cSekeleton", "02cSekeleton\02cSekeleton.csproj", "{8FB6E7DD-A465-41D1-BC24-C8282DF0F86A}"
EndProject
Project("{9A19103F-16F7-4668-BE54-9A1E7A4F7556}") = "03bGymnastics", "03bGymnastics\03bGymnastics.csproj", "{64124119-EAE3-483A-9C29-28B852C99192}"
EndProject
Project("{9A19103F-16F7-4668-BE54-9A1E7A4F7556}") = "03cWorldSnookerChampionship", "03cWorldSnookerChampionship\03cWorldSnookerChampionship.csproj", "{F238536A-6A2F-4F8F-828A-3EF2B2316A0A}"
EndProject
Project("{9A19103F-16F7-4668-BE54-9A1E7A4F7556}") = "04bGameNumberWars", "04bGameNumberWars\04bGameNumberWars.csproj", "{8039E9D8-6E0B-4C80-8199-8AD535174C20}"
EndProject
Project("{9A19103F-16F7-4668-BE54-9A1E7A4F7556}") = "05aTennisRanklist", "05aTennisRanklist\05aTennisRanklist.csproj", "{2D5BCFAE-A963-446B-B1B8-8351FAE93842}"
EndProject
Project("{9A19103F-16F7-4668-BE54-9A1E7A4F7556}") = "05bFitnessCenter", "5bFitnessCenter\05bFitnessCenter.csproj", "{AAE1E9B4-982E-4687-948E-7F76F3EC31DD}"
EndProject
Project("{9A19103F-16F7-4668-BE54-9A1E7A4F7556}") = "06bHighJump", "06bHighJump\06bHighJump.csproj", "{D6A60E12-E71C-455E-A5BF-932FC0AA2604}"
EndProject
Project("{9A19103F-16F7-4668-BE54-9A1E7A4F7556}") = "06cBasketballTournament", "06cBasketballTournament\06cBasketballTournament.csproj", "{7CBCF9C0-391D-4767-8724-4025EE4FC336}"
EndProject
Project("{9A19103F-16F7-4668-BE54-9A1E7A4F7556}") = "01cSeriesCalculator", "01cSeriesCalculator\01cSeriesCalculator.csproj", "{D30E4002-332E-49C3-BF9F-5243B393D6B7}"
EndProject
Project("{9A19103F-16F7-4668-BE54-9A1E7A4F7556}") = "01dMovieProfit", "01dMovieProfit\01dMovieProfit.csproj", "{D0FDE5C5-3B7B-4CFF-9E65-F396E72DFAD4}"
EndProject
Project("{9A19103F-16F7-4668-BE54-9A1E7A4F7556}") = "02dLunchBreak", "02dLunchBreak\02dLunchBreak.csproj", "{AE0FE094-5DF5-482A-85A7-B61973E78E63}"
EndProject
Project("{9A19103F-16F7-4668-BE54-9A1E7A4F7556}") = "03dFilmPremiere", "03dFilmPremiere\03dFilmPremiere.csproj", "{FC49DEFE-0CD3-4761-8097-B3F2A69D100F}"
EndProject
Project("{9A19103F-16F7-4668-BE54-9A1E7A4F7556}") = "01eMoon", "01eMoon\01eMoon.csproj", "{BB0F8B16-C1E7-4420-9A86-1F80E63E9765}"
EndProject
Project("{9A19103F-16F7-4668-BE54-9A1E7A4F7556}") = "02eSpaceship", "02eSpaceship\02eSpaceship.csproj", "{8098C72C-E765-4302-9BEF-F67EBB3C6031}"
EndProject
Project("{9A19103F-16F7-4668-BE54-9A1E7A4F7556}") = "03eComputerRoom", "03eComputerRoom\03eComputerRoom.csproj", "{C62905E2-D088-4464-BE7C-47BF45666C5B}"
EndProject
Project("{9A19103F-16F7-4668-BE54-9A1E7A4F7556}") = "04dGiftsFromSantaNOT", "04dGiftsFromSanta\04dGiftsFromSantaNOT.csproj", "{2C4A676B-92CE-4262-A812-C85F88C838BA}"
EndProject
Project("{9A19103F-16F7-4668-BE54-9A1E7A4F7556}") = "05cPuppyCare", "05cPuppyCare\05cPuppyCare.csproj", "{1531FED8-62C4-4AD4-9278-F58FA7EEB872}"
EndProject
Project("{9A19103F-16F7-4668-BE54-9A1E7A4F7556}") = "06dGoldMineNOT", "06dGoldMine\06dGoldMineNOT.csproj", "{32E3EF91-AC0D-4F6B-83C7-3A5DAAD1B99B}"
EndProject
Project("{9A19103F-16F7-4668-BE54-9A1E7A4F7556}") = "01fProgrammingBookNOT", "01fProgrammingBook\01fProgrammingBookNOT.csproj", "{5A3E382F-74B7-4F6A-B3AD-FC68810CF39F}"
EndProject
Project("{9A19103F-16F7-4668-BE54-9A1E7A4F7556}") = "02fANDprocessorsNOT", "02fANDprocessors\02fANDprocessorsNOT.csproj", "{995B5F92-08CD-4A8D-B234-B75D448AD9B2}"
EndProject
Project("{9A19103F-16F7-4668-BE54-9A1E7A4F7556}") = "03fFootballSouvenirs", "03fFootballSouvenirs\03fFootballSouvenirs.csproj", "{4B6905C7-6864-4324-AF8D-0DCE76617E33}"
EndProject
Project("{9A19103F-16F7-4668-BE54-9A1E7A4F7556}") = "04eCatFood", "04eCatFood\04eCatFood.csproj", "{C8A6747D-FD70-43DB-B025-E0D7FC820A70}"
EndProject
Project("{9A19103F-16F7-4668-BE54-9A1E7A4F7556}") = "05dChristmasGiftsNOT", "05dChristmasGifts\05dChristmasGiftsNOT.csproj", "{55628DC2-A450-4ACA-A581-9F8254FBCBD4}"
EndProject
Project("{FAE04EC0-301F-11D3-BF4B-00C04F79EFBC}") = "01aPCstore", "01aPCstore\01aPCstore.csproj", "{95F60A05-56D0-49B9-BAE0-C1D3B4C95E8A}"
EndProject
Global
	GlobalSection(SolutionConfigurationPlatforms) = preSolution
		Debug|Any CPU = Debug|Any CPU
		Release|Any CPU = Release|Any CPU
	EndGlobalSection
	GlobalSection(ProjectConfigurationPlatforms) = postSolution
		{6A1FA6CC-6A52-47EE-A895-96428FD2ABB7}.Debug|Any CPU.ActiveCfg = Debug|Any CPU
		{6A1FA6CC-6A52-47EE-A895-96428FD2ABB7}.Debug|Any CPU.Build.0 = Debug|Any CPU
		{6A1FA6CC-6A52-47EE-A895-96428FD2ABB7}.Release|Any CPU.ActiveCfg = Release|Any CPU
		{6A1FA6CC-6A52-47EE-A895-96428FD2ABB7}.Release|Any CPU.Build.0 = Release|Any CPU
		{E093B435-9153-410D-AC3E-731BCC04404E}.Debug|Any CPU.ActiveCfg = Debug|Any CPU
		{E093B435-9153-410D-AC3E-731BCC04404E}.Debug|Any CPU.Build.0 = Debug|Any CPU
		{E093B435-9153-410D-AC3E-731BCC04404E}.Release|Any CPU.ActiveCfg = Release|Any CPU
		{E093B435-9153-410D-AC3E-731BCC04404E}.Release|Any CPU.Build.0 = Release|Any CPU
		{DBED1B4F-9461-4370-BCEC-AE956A38F917}.Debug|Any CPU.ActiveCfg = Debug|Any CPU
		{DBED1B4F-9461-4370-BCEC-AE956A38F917}.Debug|Any CPU.Build.0 = Debug|Any CPU
		{DBED1B4F-9461-4370-BCEC-AE956A38F917}.Release|Any CPU.ActiveCfg = Release|Any CPU
		{DBED1B4F-9461-4370-BCEC-AE956A38F917}.Release|Any CPU.Build.0 = Release|Any CPU
		{B4E19089-32B1-4DC0-B68D-EB70E8D9E254}.Debug|Any CPU.ActiveCfg = Debug|Any CPU
		{B4E19089-32B1-4DC0-B68D-EB70E8D9E254}.Debug|Any CPU.Build.0 = Debug|Any CPU
		{B4E19089-32B1-4DC0-B68D-EB70E8D9E254}.Release|Any CPU.ActiveCfg = Release|Any CPU
		{B4E19089-32B1-4DC0-B68D-EB70E8D9E254}.Release|Any CPU.Build.0 = Release|Any CPU
		{737DB54D-0327-4B7A-8FBB-2693101B3579}.Debug|Any CPU.ActiveCfg = Debug|Any CPU
		{737DB54D-0327-4B7A-8FBB-2693101B3579}.Debug|Any CPU.Build.0 = Debug|Any CPU
		{737DB54D-0327-4B7A-8FBB-2693101B3579}.Release|Any CPU.ActiveCfg = Release|Any CPU
		{737DB54D-0327-4B7A-8FBB-2693101B3579}.Release|Any CPU.Build.0 = Release|Any CPU
		{E5DE5AAD-5E16-46C6-8D74-49B5CFC5F2EA}.Debug|Any CPU.ActiveCfg = Debug|Any CPU
		{E5DE5AAD-5E16-46C6-8D74-49B5CFC5F2EA}.Debug|Any CPU.Build.0 = Debug|Any CPU
		{E5DE5AAD-5E16-46C6-8D74-49B5CFC5F2EA}.Release|Any CPU.ActiveCfg = Release|Any CPU
		{E5DE5AAD-5E16-46C6-8D74-49B5CFC5F2EA}.Release|Any CPU.Build.0 = Release|Any CPU
		{67806574-B315-48C1-A270-8D2525A1C2B9}.Debug|Any CPU.ActiveCfg = Debug|Any CPU
		{67806574-B315-48C1-A270-8D2525A1C2B9}.Debug|Any CPU.Build.0 = Debug|Any CPU
		{67806574-B315-48C1-A270-8D2525A1C2B9}.Release|Any CPU.ActiveCfg = Release|Any CPU
		{67806574-B315-48C1-A270-8D2525A1C2B9}.Release|Any CPU.Build.0 = Release|Any CPU
		{DADC6261-B830-4A69-B437-D41321B19FA1}.Debug|Any CPU.ActiveCfg = Debug|Any CPU
		{DADC6261-B830-4A69-B437-D41321B19FA1}.Debug|Any CPU.Build.0 = Debug|Any CPU
		{DADC6261-B830-4A69-B437-D41321B19FA1}.Release|Any CPU.ActiveCfg = Release|Any CPU
		{DADC6261-B830-4A69-B437-D41321B19FA1}.Release|Any CPU.Build.0 = Release|Any CPU
		{8FB6E7DD-A465-41D1-BC24-C8282DF0F86A}.Debug|Any CPU.ActiveCfg = Debug|Any CPU
		{8FB6E7DD-A465-41D1-BC24-C8282DF0F86A}.Debug|Any CPU.Build.0 = Debug|Any CPU
		{8FB6E7DD-A465-41D1-BC24-C8282DF0F86A}.Release|Any CPU.ActiveCfg = Release|Any CPU
		{8FB6E7DD-A465-41D1-BC24-C8282DF0F86A}.Release|Any CPU.Build.0 = Release|Any CPU
		{64124119-EAE3-483A-9C29-28B852C99192}.Debug|Any CPU.ActiveCfg = Debug|Any CPU
		{64124119-EAE3-483A-9C29-28B852C99192}.Debug|Any CPU.Build.0 = Debug|Any CPU
		{64124119-EAE3-483A-9C29-28B852C99192}.Release|Any CPU.ActiveCfg = Release|Any CPU
		{64124119-EAE3-483A-9C29-28B852C99192}.Release|Any CPU.Build.0 = Release|Any CPU
		{F238536A-6A2F-4F8F-828A-3EF2B2316A0A}.Debug|Any CPU.ActiveCfg = Debug|Any CPU
		{F238536A-6A2F-4F8F-828A-3EF2B2316A0A}.Debug|Any CPU.Build.0 = Debug|Any CPU
		{F238536A-6A2F-4F8F-828A-3EF2B2316A0A}.Release|Any CPU.ActiveCfg = Release|Any CPU
		{F238536A-6A2F-4F8F-828A-3EF2B2316A0A}.Release|Any CPU.Build.0 = Release|Any CPU
		{8039E9D8-6E0B-4C80-8199-8AD535174C20}.Debug|Any CPU.ActiveCfg = Debug|Any CPU
		{8039E9D8-6E0B-4C80-8199-8AD535174C20}.Debug|Any CPU.Build.0 = Debug|Any CPU
		{8039E9D8-6E0B-4C80-8199-8AD535174C20}.Release|Any CPU.ActiveCfg = Release|Any CPU
		{8039E9D8-6E0B-4C80-8199-8AD535174C20}.Release|Any CPU.Build.0 = Release|Any CPU
		{2D5BCFAE-A963-446B-B1B8-8351FAE93842}.Debug|Any CPU.ActiveCfg = Debug|Any CPU
		{2D5BCFAE-A963-446B-B1B8-8351FAE93842}.Debug|Any CPU.Build.0 = Debug|Any CPU
		{2D5BCFAE-A963-446B-B1B8-8351FAE93842}.Release|Any CPU.ActiveCfg = Release|Any CPU
		{2D5BCFAE-A963-446B-B1B8-8351FAE93842}.Release|Any CPU.Build.0 = Release|Any CPU
		{AAE1E9B4-982E-4687-948E-7F76F3EC31DD}.Debug|Any CPU.ActiveCfg = Debug|Any CPU
		{AAE1E9B4-982E-4687-948E-7F76F3EC31DD}.Debug|Any CPU.Build.0 = Debug|Any CPU
		{AAE1E9B4-982E-4687-948E-7F76F3EC31DD}.Release|Any CPU.ActiveCfg = Release|Any CPU
		{AAE1E9B4-982E-4687-948E-7F76F3EC31DD}.Release|Any CPU.Build.0 = Release|Any CPU
		{D6A60E12-E71C-455E-A5BF-932FC0AA2604}.Debug|Any CPU.ActiveCfg = Debug|Any CPU
		{D6A60E12-E71C-455E-A5BF-932FC0AA2604}.Debug|Any CPU.Build.0 = Debug|Any CPU
		{D6A60E12-E71C-455E-A5BF-932FC0AA2604}.Release|Any CPU.ActiveCfg = Release|Any CPU
		{D6A60E12-E71C-455E-A5BF-932FC0AA2604}.Release|Any CPU.Build.0 = Release|Any CPU
		{7CBCF9C0-391D-4767-8724-4025EE4FC336}.Debug|Any CPU.ActiveCfg = Debug|Any CPU
		{7CBCF9C0-391D-4767-8724-4025EE4FC336}.Debug|Any CPU.Build.0 = Debug|Any CPU
		{7CBCF9C0-391D-4767-8724-4025EE4FC336}.Release|Any CPU.ActiveCfg = Release|Any CPU
		{7CBCF9C0-391D-4767-8724-4025EE4FC336}.Release|Any CPU.Build.0 = Release|Any CPU
		{D30E4002-332E-49C3-BF9F-5243B393D6B7}.Debug|Any CPU.ActiveCfg = Debug|Any CPU
		{D30E4002-332E-49C3-BF9F-5243B393D6B7}.Debug|Any CPU.Build.0 = Debug|Any CPU
		{D30E4002-332E-49C3-BF9F-5243B393D6B7}.Release|Any CPU.ActiveCfg = Release|Any CPU
		{D30E4002-332E-49C3-BF9F-5243B393D6B7}.Release|Any CPU.Build.0 = Release|Any CPU
		{D0FDE5C5-3B7B-4CFF-9E65-F396E72DFAD4}.Debug|Any CPU.ActiveCfg = Debug|Any CPU
		{D0FDE5C5-3B7B-4CFF-9E65-F396E72DFAD4}.Debug|Any CPU.Build.0 = Debug|Any CPU
		{D0FDE5C5-3B7B-4CFF-9E65-F396E72DFAD4}.Release|Any CPU.ActiveCfg = Release|Any CPU
		{D0FDE5C5-3B7B-4CFF-9E65-F396E72DFAD4}.Release|Any CPU.Build.0 = Release|Any CPU
		{AE0FE094-5DF5-482A-85A7-B61973E78E63}.Debug|Any CPU.ActiveCfg = Debug|Any CPU
		{AE0FE094-5DF5-482A-85A7-B61973E78E63}.Debug|Any CPU.Build.0 = Debug|Any CPU
		{AE0FE094-5DF5-482A-85A7-B61973E78E63}.Release|Any CPU.ActiveCfg = Release|Any CPU
		{AE0FE094-5DF5-482A-85A7-B61973E78E63}.Release|Any CPU.Build.0 = Release|Any CPU
		{FC49DEFE-0CD3-4761-8097-B3F2A69D100F}.Debug|Any CPU.ActiveCfg = Debug|Any CPU
		{FC49DEFE-0CD3-4761-8097-B3F2A69D100F}.Debug|Any CPU.Build.0 = Debug|Any CPU
		{FC49DEFE-0CD3-4761-8097-B3F2A69D100F}.Release|Any CPU.ActiveCfg = Release|Any CPU
		{FC49DEFE-0CD3-4761-8097-B3F2A69D100F}.Release|Any CPU.Build.0 = Release|Any CPU
		{BB0F8B16-C1E7-4420-9A86-1F80E63E9765}.Debug|Any CPU.ActiveCfg = Debug|Any CPU
		{BB0F8B16-C1E7-4420-9A86-1F80E63E9765}.Debug|Any CPU.Build.0 = Debug|Any CPU
		{BB0F8B16-C1E7-4420-9A86-1F80E63E9765}.Release|Any CPU.ActiveCfg = Release|Any CPU
		{BB0F8B16-C1E7-4420-9A86-1F80E63E9765}.Release|Any CPU.Build.0 = Release|Any CPU
		{8098C72C-E765-4302-9BEF-F67EBB3C6031}.Debug|Any CPU.ActiveCfg = Debug|Any CPU
		{8098C72C-E765-4302-9BEF-F67EBB3C6031}.Debug|Any CPU.Build.0 = Debug|Any CPU
		{8098C72C-E765-4302-9BEF-F67EBB3C6031}.Release|Any CPU.ActiveCfg = Release|Any CPU
		{8098C72C-E765-4302-9BEF-F67EBB3C6031}.Release|Any CPU.Build.0 = Release|Any CPU
		{C62905E2-D088-4464-BE7C-47BF45666C5B}.Debug|Any CPU.ActiveCfg = Debug|Any CPU
		{C62905E2-D088-4464-BE7C-47BF45666C5B}.Debug|Any CPU.Build.0 = Debug|Any CPU
		{C62905E2-D088-4464-BE7C-47BF45666C5B}.Release|Any CPU.ActiveCfg = Release|Any CPU
		{C62905E2-D088-4464-BE7C-47BF45666C5B}.Release|Any CPU.Build.0 = Release|Any CPU
		{2C4A676B-92CE-4262-A812-C85F88C838BA}.Debug|Any CPU.ActiveCfg = Debug|Any CPU
		{2C4A676B-92CE-4262-A812-C85F88C838BA}.Debug|Any CPU.Build.0 = Debug|Any CPU
		{2C4A676B-92CE-4262-A812-C85F88C838BA}.Release|Any CPU.ActiveCfg = Release|Any CPU
		{2C4A676B-92CE-4262-A812-C85F88C838BA}.Release|Any CPU.Build.0 = Release|Any CPU
		{1531FED8-62C4-4AD4-9278-F58FA7EEB872}.Debug|Any CPU.ActiveCfg = Debug|Any CPU
		{1531FED8-62C4-4AD4-9278-F58FA7EEB872}.Debug|Any CPU.Build.0 = Debug|Any CPU
		{1531FED8-62C4-4AD4-9278-F58FA7EEB872}.Release|Any CPU.ActiveCfg = Release|Any CPU
		{1531FED8-62C4-4AD4-9278-F58FA7EEB872}.Release|Any CPU.Build.0 = Release|Any CPU
		{32E3EF91-AC0D-4F6B-83C7-3A5DAAD1B99B}.Debug|Any CPU.ActiveCfg = Debug|Any CPU
		{32E3EF91-AC0D-4F6B-83C7-3A5DAAD1B99B}.Debug|Any CPU.Build.0 = Debug|Any CPU
		{32E3EF91-AC0D-4F6B-83C7-3A5DAAD1B99B}.Release|Any CPU.ActiveCfg = Release|Any CPU
		{32E3EF91-AC0D-4F6B-83C7-3A5DAAD1B99B}.Release|Any CPU.Build.0 = Release|Any CPU
		{5A3E382F-74B7-4F6A-B3AD-FC68810CF39F}.Debug|Any CPU.ActiveCfg = Debug|Any CPU
		{5A3E382F-74B7-4F6A-B3AD-FC68810CF39F}.Debug|Any CPU.Build.0 = Debug|Any CPU
		{5A3E382F-74B7-4F6A-B3AD-FC68810CF39F}.Release|Any CPU.ActiveCfg = Release|Any CPU
		{5A3E382F-74B7-4F6A-B3AD-FC68810CF39F}.Release|Any CPU.Build.0 = Release|Any CPU
		{995B5F92-08CD-4A8D-B234-B75D448AD9B2}.Debug|Any CPU.ActiveCfg = Debug|Any CPU
		{995B5F92-08CD-4A8D-B234-B75D448AD9B2}.Debug|Any CPU.Build.0 = Debug|Any CPU
		{995B5F92-08CD-4A8D-B234-B75D448AD9B2}.Release|Any CPU.ActiveCfg = Release|Any CPU
		{995B5F92-08CD-4A8D-B234-B75D448AD9B2}.Release|Any CPU.Build.0 = Release|Any CPU
		{4B6905C7-6864-4324-AF8D-0DCE76617E33}.Debug|Any CPU.ActiveCfg = Debug|Any CPU
		{4B6905C7-6864-4324-AF8D-0DCE76617E33}.Debug|Any CPU.Build.0 = Debug|Any CPU
		{4B6905C7-6864-4324-AF8D-0DCE76617E33}.Release|Any CPU.ActiveCfg = Release|Any CPU
		{4B6905C7-6864-4324-AF8D-0DCE76617E33}.Release|Any CPU.Build.0 = Release|Any CPU
		{C8A6747D-FD70-43DB-B025-E0D7FC820A70}.Debug|Any CPU.ActiveCfg = Debug|Any CPU
		{C8A6747D-FD70-43DB-B025-E0D7FC820A70}.Debug|Any CPU.Build.0 = Debug|Any CPU
		{C8A6747D-FD70-43DB-B025-E0D7FC820A70}.Release|Any CPU.ActiveCfg = Release|Any CPU
		{C8A6747D-FD70-43DB-B025-E0D7FC820A70}.Release|Any CPU.Build.0 = Release|Any CPU
		{55628DC2-A450-4ACA-A581-9F8254FBCBD4}.Debug|Any CPU.ActiveCfg = Debug|Any CPU
		{55628DC2-A450-4ACA-A581-9F8254FBCBD4}.Debug|Any CPU.Build.0 = Debug|Any CPU
		{55628DC2-A450-4ACA-A581-9F8254FBCBD4}.Release|Any CPU.ActiveCfg = Release|Any CPU
		{55628DC2-A450-4ACA-A581-9F8254FBCBD4}.Release|Any CPU.Build.0 = Release|Any CPU
		{95F60A05-56D0-49B9-BAE0-C1D3B4C95E8A}.Debug|Any CPU.ActiveCfg = Debug|Any CPU
		{95F60A05-56D0-49B9-BAE0-C1D3B4C95E8A}.Debug|Any CPU.Build.0 = Debug|Any CPU
		{95F60A05-56D0-49B9-BAE0-C1D3B4C95E8A}.Release|Any CPU.ActiveCfg = Release|Any CPU
		{95F60A05-56D0-49B9-BAE0-C1D3B4C95E8A}.Release|Any CPU.Build.0 = Release|Any CPU
	EndGlobalSection
	GlobalSection(SolutionProperties) = preSolution
		HideSolutionNode = FALSE
	EndGlobalSection
	GlobalSection(ExtensibilityGlobals) = postSolution
		SolutionGuid = {5009446F-B531-454E-B722-919926A283C4}
	EndGlobalSection
EndGlobal
